// !$*UTF8*$!
{
	archiveVersion = 1;
	classes = {
	};
	objectVersion = 55;
	objects = {

/* Begin PBXBuildFile section */
		11FF888DDC96C41E1324B1B5 /* Pods_HIROAKIKadai1.framework in Frameworks */ = {isa = PBXBuildFile; fileRef = 997D24B91168D11B088A0057 /* Pods_HIROAKIKadai1.framework */; };
		5368E236271F79A80048FA00 /* AppDelegate.swift in Sources */ = {isa = PBXBuildFile; fileRef = 5368E235271F79A80048FA00 /* AppDelegate.swift */; };
		5368E238271F79A80048FA00 /* SceneDelegate.swift in Sources */ = {isa = PBXBuildFile; fileRef = 5368E237271F79A80048FA00 /* SceneDelegate.swift */; };
		5368E23A271F79A80048FA00 /* ViewController.swift in Sources */ = {isa = PBXBuildFile; fileRef = 5368E239271F79A80048FA00 /* ViewController.swift */; };
		5368E23D271F79A80048FA00 /* Main.storyboard in Resources */ = {isa = PBXBuildFile; fileRef = 5368E23B271F79A80048FA00 /* Main.storyboard */; };
		5368E23F271F79A90048FA00 /* Assets.xcassets in Resources */ = {isa = PBXBuildFile; fileRef = 5368E23E271F79A90048FA00 /* Assets.xcassets */; };
		5368E242271F79A90048FA00 /* LaunchScreen.storyboard in Resources */ = {isa = PBXBuildFile; fileRef = 5368E240271F79A90048FA00 /* LaunchScreen.storyboard */; };
/* End PBXBuildFile section */

/* Begin PBXFileReference section */
		5368E232271F79A80048FA00 /* HIROAKIKadai1.app */ = {isa = PBXFileReference; explicitFileType = wrapper.application; includeInIndex = 0; path = HIROAKIKadai1.app; sourceTree = BUILT_PRODUCTS_DIR; };
		5368E235271F79A80048FA00 /* AppDelegate.swift */ = {isa = PBXFileReference; lastKnownFileType = sourcecode.swift; path = AppDelegate.swift; sourceTree = "<group>"; };
		5368E237271F79A80048FA00 /* SceneDelegate.swift */ = {isa = PBXFileReference; lastKnownFileType = sourcecode.swift; path = SceneDelegate.swift; sourceTree = "<group>"; };
		5368E239271F79A80048FA00 /* ViewController.swift */ = {isa = PBXFileReference; lastKnownFileType = sourcecode.swift; path = ViewController.swift; sourceTree = "<group>"; };
		5368E23C271F79A80048FA00 /* Base */ = {isa = PBXFileReference; lastKnownFileType = file.storyboard; name = Base; path = Base.lproj/Main.storyboard; sourceTree = "<group>"; };
		5368E23E271F79A90048FA00 /* Assets.xcassets */ = {isa = PBXFileReference; lastKnownFileType = folder.assetcatalog; path = Assets.xcassets; sourceTree = "<group>"; };
		5368E241271F79A90048FA00 /* Base */ = {isa = PBXFileReference; lastKnownFileType = file.storyboard; name = Base; path = Base.lproj/LaunchScreen.storyboard; sourceTree = "<group>"; };
		5368E243271F79A90048FA00 /* Info.plist */ = {isa = PBXFileReference; lastKnownFileType = text.plist.xml; path = Info.plist; sourceTree = "<group>"; };
		98F779890832400805AFBA7D /* Pods-HIROAKIKadai1.release.xcconfig */ = {isa = PBXFileReference; includeInIndex = 1; lastKnownFileType = text.xcconfig; name = "Pods-HIROAKIKadai1.release.xcconfig"; path = "Target Support Files/Pods-HIROAKIKadai1/Pods-HIROAKIKadai1.release.xcconfig"; sourceTree = "<group>"; };
		997D24B91168D11B088A0057 /* Pods_HIROAKIKadai1.framework */ = {isa = PBXFileReference; explicitFileType = wrapper.framework; includeInIndex = 0; path = Pods_HIROAKIKadai1.framework; sourceTree = BUILT_PRODUCTS_DIR; };
		E4473E4A70FD77E4F8624C9A /* Pods-HIROAKIKadai1.debug.xcconfig */ = {isa = PBXFileReference; includeInIndex = 1; lastKnownFileType = text.xcconfig; name = "Pods-HIROAKIKadai1.debug.xcconfig"; path = "Target Support Files/Pods-HIROAKIKadai1/Pods-HIROAKIKadai1.debug.xcconfig"; sourceTree = "<group>"; };
/* End PBXFileReference section */

/* Begin PBXFrameworksBuildPhase section */
		5368E22F271F79A80048FA00 /* Frameworks */ = {
			isa = PBXFrameworksBuildPhase;
			buildActionMask = 2147483647;
			files = (
				11FF888DDC96C41E1324B1B5 /* Pods_HIROAKIKadai1.framework in Frameworks */,
			);
			runOnlyForDeploymentPostprocessing = 0;
		};
/* End PBXFrameworksBuildPhase section */

/* Begin PBXGroup section */
		5368E229271F79A80048FA00 = {
			isa = PBXGroup;
			children = (
				5368E234271F79A80048FA00 /* HIROAKIKadai1 */,
				5368E233271F79A80048FA00 /* Products */,
				F128D86E255EA26F75F6A91A /* Pods */,
				D282599918BF82A9EE07F078 /* Frameworks */,
			);
			sourceTree = "<group>";
		};
		5368E233271F79A80048FA00 /* Products */ = {
			isa = PBXGroup;
			children = (
				5368E232271F79A80048FA00 /* HIROAKIKadai1.app */,
			);
			name = Products;
			sourceTree = "<group>";
		};
		5368E234271F79A80048FA00 /* HIROAKIKadai1 */ = {
			isa = PBXGroup;
			children = (
				5368E235271F79A80048FA00 /* AppDelegate.swift */,
				5368E237271F79A80048FA00 /* SceneDelegate.swift */,
				5368E239271F79A80048FA00 /* ViewController.swift */,
				5368E23B271F79A80048FA00 /* Main.storyboard */,
				5368E23E271F79A90048FA00 /* Assets.xcassets */,
				5368E240271F79A90048FA00 /* LaunchScreen.storyboard */,
				5368E243271F79A90048FA00 /* Info.plist */,
			);
			path = HIROAKIKadai1;
			sourceTree = "<group>";
		};
		D282599918BF82A9EE07F078 /* Frameworks */ = {
			isa = PBXGroup;
			children = (
				997D24B91168D11B088A0057 /* Pods_HIROAKIKadai1.framework */,
			);
			name = Frameworks;
			sourceTree = "<group>";
		};
		F128D86E255EA26F75F6A91A /* Pods */ = {
			isa = PBXGroup;
			children = (
				E4473E4A70FD77E4F8624C9A /* Pods-HIROAKIKadai1.debug.xcconfig */,
				98F779890832400805AFBA7D /* Pods-HIROAKIKadai1.release.xcconfig */,
			);
			name = Pods;
			path = Pods;
			sourceTree = "<group>";
		};
/* End PBXGroup section */

/* Begin PBXNativeTarget section */
		5368E231271F79A80048FA00 /* HIROAKIKadai1 */ = {
			isa = PBXNativeTarget;
			buildConfigurationList = 5368E246271F79A90048FA00 /* Build configuration list for PBXNativeTarget "HIROAKIKadai1" */;
			buildPhases = (
				2EA497F232B5287DC76E2C7A /* [CP] Check Pods Manifest.lock */,
				5368E22E271F79A80048FA00 /* Sources */,
				5368E22F271F79A80048FA00 /* Frameworks */,
				5368E230271F79A80048FA00 /* Resources */,
			);
			buildRules = (
			);
			dependencies = (
			);
			name = HIROAKIKadai1;
			productName = HIROAKIKadai1;
			productReference = 5368E232271F79A80048FA00 /* HIROAKIKadai1.app */;
			productType = "com.apple.product-type.application";
		};
/* End PBXNativeTarget section */

/* Begin PBXProject section */
		5368E22A271F79A80048FA00 /* Project object */ = {
			isa = PBXProject;
			attributes = {
				BuildIndependentTargetsInParallel = 1;
				LastSwiftUpdateCheck = 1300;
				LastUpgradeCheck = 1300;
				TargetAttributes = {
					5368E231271F79A80048FA00 = {
						CreatedOnToolsVersion = 13.0;
					};
				};
			};
			buildConfigurationList = 5368E22D271F79A80048FA00 /* Build configuration list for PBXProject "HIROAKIKadai1" */;
			compatibilityVersion = "Xcode 13.0";
			developmentRegion = en;
			hasScannedForEncodings = 0;
			knownRegions = (
				en,
				Base,
			);
			mainGroup = 5368E229271F79A80048FA00;
			productRefGroup = 5368E233271F79A80048FA00 /* Products */;
			projectDirPath = "";
			projectRoot = "";
			targets = (
				5368E231271F79A80048FA00 /* HIROAKIKadai1 */,
			);
		};
/* End PBXProject section */

/* Begin PBXResourcesBuildPhase section */
		5368E230271F79A80048FA00 /* Resources */ = {
			isa = PBXResourcesBuildPhase;
			buildActionMask = 2147483647;
			files = (
				5368E242271F79A90048FA00 /* LaunchScreen.storyboard in Resources */,
				5368E23F271F79A90048FA00 /* Assets.xcassets in Resources */,
				5368E23D271F79A80048FA00 /* Main.storyboard in Resources */,
			);
			runOnlyForDeploymentPostprocessing = 0;
		};
/* End PBXResourcesBuildPhase section */

/* Begin PBXShellScriptBuildPhase section */
		2EA497F232B5287DC76E2C7A /* [CP] Check Pods Manifest.lock */ = {
			isa = PBXShellScriptBuildPhase;
			buildActionMask = 2147483647;
			files = (
			);
			inputFileListPaths = (
			);
			inputPaths = (
				"${PODS_PODFILE_DIR_PATH}/Podfile.lock",
				"${PODS_ROOT}/Manifest.lock",
			);
			name = "[CP] Check Pods Manifest.lock";
			outputFileListPaths = (
			);
			outputPaths = (
				"$(DERIVED_FILE_DIR)/Pods-HIROAKIKadai1-checkManifestLockResult.txt",
			);
			runOnlyForDeploymentPostprocessing = 0;
			shellPath = /bin/sh;
			shellScript = "diff \"${PODS_PODFILE_DIR_PATH}/Podfile.lock\" \"${PODS_ROOT}/Manifest.lock\" > /dev/null\nif [ $? != 0 ] ; then\n    # print error to STDERR\n    echo \"error: The sandbox is not in sync with the Podfile.lock. Run 'pod install' or update your CocoaPods installation.\" >&2\n    exit 1\nfi\n# This output is used by Xcode 'outputs' to avoid re-running this script phase.\necho \"SUCCESS\" > \"${SCRIPT_OUTPUT_FILE_0}\"\n";
			showEnvVarsInLog = 0;
		};
/* End PBXShellScriptBuildPhase section */

/* Begin PBXSourcesBuildPhase section */
		5368E22E271F79A80048FA00 /* Sources */ = {
			isa = PBXSourcesBuildPhase;
			buildActionMask = 2147483647;
			files = (
				5368E23A271F79A80048FA00 /* ViewController.swift in Sources */,
				5368E236271F79A80048FA00 /* AppDelegate.swift in Sources */,
				5368E238271F79A80048FA00 /* SceneDelegate.swift in Sources */,
			);
			runOnlyForDeploymentPostprocessing = 0;
		};
/* End PBXSourcesBuildPhase section */

/* Begin PBXVariantGroup section */
		5368E23B271F79A80048FA00 /* Main.storyboard */ = {
			isa = PBXVariantGroup;
			children = (
				5368E23C271F79A80048FA00 /* Base */,
			);
			name = Main.storyboard;
			sourceTree = "<group>";
		};
		5368E240271F79A90048FA00 /* LaunchScreen.storyboard */ = {
			isa = PBXVariantGroup;
			children = (
				5368E241271F79A90048FA00 /* Base */,
			);
			name = LaunchScreen.storyboard;
			sourceTree = "<group>";
		};
/* End PBXVariantGroup section */

/* Begin XCBuildConfiguration section */
		5368E244271F79A90048FA00 /* Debug */ = {
			isa = XCBuildConfiguration;
			buildSettings = {
				ALWAYS_SEARCH_USER_PATHS = NO;
				CLANG_ANALYZER_NONNULL = YES;
				CLANG_ANALYZER_NUMBER_OBJECT_CONVERSION = YES_AGGRESSIVE;
				CLANG_CXX_LANGUAGE_STANDARD = "gnu++17";
				CLANG_CXX_LIBRARY = "libc++";
				CLANG_ENABLE_MODULES = YES;
				CLANG_ENABLE_OBJC_ARC = YES;
				CLANG_ENABLE_OBJC_WEAK = YES;
				CLANG_WARN_BLOCK_CAPTURE_AUTORELEASING = YES;
				CLANG_WARN_BOOL_CONVERSION = YES;
				CLANG_WARN_COMMA = YES;
				CLANG_WARN_CONSTANT_CONVERSION = YES;
				CLANG_WARN_DEPRECATED_OBJC_IMPLEMENTATIONS = YES;
				CLANG_WARN_DIRECT_OBJC_ISA_USAGE = YES_ERROR;
				CLANG_WARN_DOCUMENTATION_COMMENTS = YES;
				CLANG_WARN_EMPTY_BODY = YES;
				CLANG_WARN_ENUM_CONVERSION = YES;
				CLANG_WARN_INFINITE_RECURSION = YES;
				CLANG_WARN_INT_CONVERSION = YES;
				CLANG_WARN_NON_LITERAL_NULL_CONVERSION = YES;
				CLANG_WARN_OBJC_IMPLICIT_RETAIN_SELF = YES;
				CLANG_WARN_OBJC_LITERAL_CONVERSION = YES;
				CLANG_WARN_OBJC_ROOT_CLASS = YES_ERROR;
				CLANG_WARN_QUOTED_INCLUDE_IN_FRAMEWORK_HEADER = YES;
				CLANG_WARN_RANGE_LOOP_ANALYSIS = YES;
				CLANG_WARN_STRICT_PROTOTYPES = YES;
				CLANG_WARN_SUSPICIOUS_MOVE = YES;
				CLANG_WARN_UNGUARDED_AVAILABILITY = YES_AGGRESSIVE;
				CLANG_WARN_UNREACHABLE_CODE = YES;
				CLANG_WARN__DUPLICATE_METHOD_MATCH = YES;
				COPY_PHASE_STRIP = NO;
				DEBUG_INFORMATION_FORMAT = dwarf;
				ENABLE_STRICT_OBJC_MSGSEND = YES;
				ENABLE_TESTABILITY = YES;
				GCC_C_LANGUAGE_STANDARD = gnu11;
				GCC_DYNAMIC_NO_PIC = NO;
				GCC_NO_COMMON_BLOCKS = YES;
				GCC_OPTIMIZATION_LEVEL = 0;
				GCC_PREPROCESSOR_DEFINITIONS = (
					"DEBUG=1",
					"$(inherited)",
				);
				GCC_WARN_64_TO_32_BIT_CONVERSION = YES;
				GCC_WARN_ABOUT_RETURN_TYPE = YES_ERROR;
				GCC_WARN_UNDECLARED_SELECTOR = YES;
				GCC_WARN_UNINITIALIZED_AUTOS = YES_AGGRESSIVE;
				GCC_WARN_UNUSED_FUNCTION = YES;
				GCC_WARN_UNUSED_VARIABLE = YES;
				IPHONEOS_DEPLOYMENT_TARGET = 15.0;
				MTL_ENABLE_DEBUG_INFO = INCLUDE_SOURCE;
				MTL_FAST_MATH = YES;
				ONLY_ACTIVE_ARCH = YES;
				SDKROOT = iphoneos;
				SWIFT_ACTIVE_COMPILATION_CONDITIONS = DEBUG;
				SWIFT_OPTIMIZATION_LEVEL = "-Onone";
			};
			name = Debug;
		};
		5368E245271F79A90048FA00 /* Release */ = {
			isa = XCBuildConfiguration;
			buildSettings = {
				ALWAYS_SEARCH_USER_PATHS = NO;
				CLANG_ANALYZER_NONNULL = YES;
				CLANG_ANALYZER_NUMBER_OBJECT_CONVERSION = YES_AGGRESSIVE;
				CLANG_CXX_LANGUAGE_STANDARD = "gnu++17";
				CLANG_CXX_LIBRARY = "libc++";
				CLANG_ENABLE_MODULES = YES;
				CLANG_ENABLE_OBJC_ARC = YES;
				CLANG_ENABLE_OBJC_WEAK = YES;
				CLANG_WARN_BLOCK_CAPTURE_AUTORELEASING = YES;
				CLANG_WARN_BOOL_CONVERSION = YES;
				CLANG_WARN_COMMA = YES;
				CLANG_WARN_CONSTANT_CONVERSION = YES;
				CLANG_WARN_DEPRECATED_OBJC_IMPLEMENTATIONS = YES;
				CLANG_WARN_DIRECT_OBJC_ISA_USAGE = YES_ERROR;
				CLANG_WARN_DOCUMENTATION_COMMENTS = YES;
				CLANG_WARN_EMPTY_BODY = YES;
				CLANG_WARN_ENUM_CONVERSION = YES;
				CLANG_WARN_INFINITE_RECURSION = YES;
				CLANG_WARN_INT_CONVERSION = YES;
				CLANG_WARN_NON_LITERAL_NULL_CONVERSION = YES;
				CLANG_WARN_OBJC_IMPLICIT_RETAIN_SELF = YES;
				CLANG_WARN_OBJC_LITERAL_CONVERSION = YES;
				CLANG_WARN_OBJC_ROOT_CLASS = YES_ERROR;
				CLANG_WARN_QUOTED_INCLUDE_IN_FRAMEWORK_HEADER = YES;
				CLANG_WARN_RANGE_LOOP_ANALYSIS = YES;
				CLANG_WARN_STRICT_PROTOTYPES = YES;
				CLANG_WARN_SUSPICIOUS_MOVE = YES;
				CLANG_WARN_UNGUARDED_AVAILABILITY = YES_AGGRESSIVE;
				CLANG_WARN_UNREACHABLE_CODE = YES;
				CLANG_WARN__DUPLICATE_METHOD_MATCH = YES;
				COPY_PHASE_STRIP = NO;
				DEBUG_INFORMATION_FORMAT = "dwarf-with-dsym";
				ENABLE_NS_ASSERTIONS = NO;
				ENABLE_STRICT_OBJC_MSGSEND = YES;
				GCC_C_LANGUAGE_STANDARD = gnu11;
				GCC_NO_COMMON_BLOCKS = YES;
				GCC_WARN_64_TO_32_BIT_CONVERSION = YES;
				GCC_WARN_ABOUT_RETURN_TYPE = YES_ERROR;
				GCC_WARN_UNDECLARED_SELECTOR = YES;
				GCC_WARN_UNINITIALIZED_AUTOS = YES_AGGRESSIVE;
				GCC_WARN_UNUSED_FUNCTION = YES;
				GCC_WARN_UNUSED_VARIABLE = YES;
				IPHONEOS_DEPLOYMENT_TARGET = 15.0;
				MTL_ENABLE_DEBUG_INFO = NO;
				MTL_FAST_MATH = YES;
				SDKROOT = iphoneos;
				SWIFT_COMPILATION_MODE = wholemodule;
				SWIFT_OPTIMIZATION_LEVEL = "-O";
				VALIDATE_PRODUCT = YES;
			};
			name = Release;
		};
		5368E247271F79A90048FA00 /* Debug */ = {
			isa = XCBuildConfiguration;
			baseConfigurationReference = E4473E4A70FD77E4F8624C9A /* Pods-HIROAKIKadai1.debug.xcconfig */;
			buildSettings = {
				ASSETCATALOG_COMPILER_APPICON_NAME = AppIcon;
				ASSETCATALOG_COMPILER_GLOBAL_ACCENT_COLOR_NAME = AccentColor;
				CODE_SIGN_STYLE = Automatic;
				CURRENT_PROJECT_VERSION = 1;
				DEVELOPMENT_TEAM = X5LBWH4CYQ;
				GENERATE_INFOPLIST_FILE = YES;
				INFOPLIST_FILE = HIROAKIKadai1/Info.plist;
				INFOPLIST_KEY_UIApplicationSupportsIndirectInputEvents = YES;
				INFOPLIST_KEY_UILaunchStoryboardName = LaunchScreen;
				INFOPLIST_KEY_UIMainStoryboardFile = Main;
				INFOPLIST_KEY_UISupportedInterfaceOrientations_iPad = "UIInterfaceOrientationPortrait UIInterfaceOrientationPortraitUpsideDown UIInterfaceOrientationLandscapeLeft UIInterfaceOrientationLandscapeRight";
				INFOPLIST_KEY_UISupportedInterfaceOrientations_iPhone = "UIInterfaceOrientationPortrait UIInterfaceOrientationLandscapeLeft UIInterfaceOrientationLandscapeRight";
				LD_RUNPATH_SEARCH_PATHS = (
					"$(inherited)",
					"@executable_path/Frameworks",
				);
				MARKETING_VERSION = 1.0;
				PRODUCT_BUNDLE_IDENTIFIER = com.hiroakiapp.HIROAKIKadai1;
				PRODUCT_NAME = "$(TARGET_NAME)";
				SWIFT_EMIT_LOC_STRINGS = YES;
				SWIFT_VERSION = 5.0;
				TARGETED_DEVICE_FAMILY = "1,2";
			};
			name = Debug;
		};
		5368E248271F79A90048FA00 /* Release */ = {
			isa = XCBuildConfiguration;
			baseConfigurationReference = 98F779890832400805AFBA7D /* Pods-HIROAKIKadai1.release.xcconfig */;
			buildSettings = {
				ASSETCATALOG_COMPILER_APPICON_NAME = AppIcon;
				ASSETCATALOG_COMPILER_GLOBAL_ACCENT_COLOR_NAME = AccentColor;
				CODE_SIGN_STYLE = Automatic;
				CURRENT_PROJECT_VERSION = 1;
				DEVELOPMENT_TEAM = X5LBWH4CYQ;
				GENERATE_INFOPLIST_FILE = YES;
				INFOPLIST_FILE = HIROAKIKadai1/Info.plist;
				INFOPLIST_KEY_UIApplicationSupportsIndirectInputEvents = YES;
				INFOPLIST_KEY_UILaunchStoryboardName = LaunchScreen;
				INFOPLIST_KEY_UIMainStoryboardFile = Main;
				INFOPLIST_KEY_UISupportedInterfaceOrientations_iPad = "UIInterfaceOrientationPortrait UIInterfaceOrientationPortraitUpsideDown UIInterfaceOrientationLandscapeLeft UIInterfaceOrientationLandscapeRight";
				INFOPLIST_KEY_UISupportedInterfaceOrientations_iPhone = "UIInterfaceOrientationPortrait UIInterfaceOrientationLandscapeLeft UIInterfaceOrientationLandscapeRight";
				LD_RUNPATH_SEARCH_PATHS = (
					"$(inherited)",
					"@executable_path/Frameworks",
				);
				MARKETING_VERSION = 1.0;
				PRODUCT_BUNDLE_IDENTIFIER = com.hiroakiapp.HIROAKIKadai1;
				PRODUCT_NAME = "$(TARGET_NAME)";
				SWIFT_EMIT_LOC_STRINGS = YES;
				SWIFT_VERSION = 5.0;
				TARGETED_DEVICE_FAMILY = "1,2";
			};
			name = Release;
		};
/* End XCBuildConfiguration section */

/* Begin XCConfigurationList section */
		5368E22D271F79A80048FA00 /* Build configuration list for PBXProject "HIROAKIKadai1" */ = {
			isa = XCConfigurationList;
			buildConfigurations = (
				5368E244271F79A90048FA00 /* Debug */,
				5368E245271F79A90048FA00 /* Release */,
			);
			defaultConfigurationIsVisible = 0;
			defaultConfigurationName = Release;
		};
		5368E246271F79A90048FA00 /* Build configuration list for PBXNativeTarget "HIROAKIKadai1" */ = {
			isa = XCConfigurationList;
			buildConfigurations = (
				5368E247271F79A90048FA00 /* Debug */,
				5368E248271F79A90048FA00 /* Release */,
			);
			defaultConfigurationIsVisible = 0;
			defaultConfigurationName = Release;
		};
/* End XCConfigurationList section */
	};
	rootObject = 5368E22A271F79A80048FA00 /* Project object */;
}
